// !$*UTF8*$!
{
	archiveVersion = 1;
	classes = {
	};
	objectVersion = 55;
	objects = {

/* Begin PBXBuildFile section */
		BB5704132855EF30001FA487 /* testApp.swift in Sources */ = {isa = PBXBuildFile; fileRef = BB5704122855EF30001FA487 /* testApp.swift */; };
		BB5704152855EF30001FA487 /* ContentView.swift in Sources */ = {isa = PBXBuildFile; fileRef = BB5704142855EF30001FA487 /* ContentView.swift */; };
		BB5704172855EF32001FA487 /* Assets.xcassets in Resources */ = {isa = PBXBuildFile; fileRef = BB5704162855EF32001FA487 /* Assets.xcassets */; };
		BB57041A2855EF32001FA487 /* Preview Assets.xcassets in Resources */ = {isa = PBXBuildFile; fileRef = BB5704192855EF32001FA487 /* Preview Assets.xcassets */; };
		BB5704242855EF32001FA487 /* testTests.swift in Sources */ = {isa = PBXBuildFile; fileRef = BB5704232855EF32001FA487 /* testTests.swift */; };
		BB57042E2855EF32001FA487 /* testUITests.swift in Sources */ = {isa = PBXBuildFile; fileRef = BB57042D2855EF32001FA487 /* testUITests.swift */; };
		BB5704302855EF32001FA487 /* testUITestsLaunchTests.swift in Sources */ = {isa = PBXBuildFile; fileRef = BB57042F2855EF32001FA487 /* testUITestsLaunchTests.swift */; };
		BB57043D2855EFCE001FA487 /* Home.swift in Sources */ = {isa = PBXBuildFile; fileRef = BB57043C2855EFCE001FA487 /* Home.swift */; };
		BB57043F2855F09C001FA487 /* MainPage.swift in Sources */ = {isa = PBXBuildFile; fileRef = BB57043E2855F09C001FA487 /* MainPage.swift */; };
		BB5704412855F0B7001FA487 /* SearchView.swift in Sources */ = {isa = PBXBuildFile; fileRef = BB5704402855F0B7001FA487 /* SearchView.swift */; };
		BB5704432855F0C6001FA487 /* Store.swift in Sources */ = {isa = PBXBuildFile; fileRef = BB5704422855F0C6001FA487 /* Store.swift */; };
		BB5704452855F0DE001FA487 /* Account.swift in Sources */ = {isa = PBXBuildFile; fileRef = BB5704442855F0DE001FA487 /* Account.swift */; };
/* End PBXBuildFile section */

/* Begin PBXContainerItemProxy section */
		BB5704202855EF32001FA487 /* PBXContainerItemProxy */ = {
			isa = PBXContainerItemProxy;
			containerPortal = BB5704072855EF30001FA487 /* Project object */;
			proxyType = 1;
			remoteGlobalIDString = BB57040E2855EF30001FA487;
			remoteInfo = test;
		};
		BB57042A2855EF32001FA487 /* PBXContainerItemProxy */ = {
			isa = PBXContainerItemProxy;
			containerPortal = BB5704072855EF30001FA487 /* Project object */;
			proxyType = 1;
			remoteGlobalIDString = BB57040E2855EF30001FA487;
			remoteInfo = test;
		};
/* End PBXContainerItemProxy section */

/* Begin PBXFileReference section */
		BB57040F2855EF30001FA487 /* test.app */ = {isa = PBXFileReference; explicitFileType = wrapper.application; includeInIndex = 0; path = test.app; sourceTree = BUILT_PRODUCTS_DIR; };
		BB5704122855EF30001FA487 /* testApp.swift */ = {isa = PBXFileReference; lastKnownFileType = sourcecode.swift; path = testApp.swift; sourceTree = "<group>"; };
		BB5704142855EF30001FA487 /* ContentView.swift */ = {isa = PBXFileReference; lastKnownFileType = sourcecode.swift; path = ContentView.swift; sourceTree = "<group>"; };
		BB5704162855EF32001FA487 /* Assets.xcassets */ = {isa = PBXFileReference; lastKnownFileType = folder.assetcatalog; path = Assets.xcassets; sourceTree = "<group>"; };
		BB5704192855EF32001FA487 /* Preview Assets.xcassets */ = {isa = PBXFileReference; lastKnownFileType = folder.assetcatalog; path = "Preview Assets.xcassets"; sourceTree = "<group>"; };
		BB57041F2855EF32001FA487 /* testTests.xctest */ = {isa = PBXFileReference; explicitFileType = wrapper.cfbundle; includeInIndex = 0; path = testTests.xctest; sourceTree = BUILT_PRODUCTS_DIR; };
		BB5704232855EF32001FA487 /* testTests.swift */ = {isa = PBXFileReference; lastKnownFileType = sourcecode.swift; path = testTests.swift; sourceTree = "<group>"; };
		BB5704292855EF32001FA487 /* testUITests.xctest */ = {isa = PBXFileReference; explicitFileType = wrapper.cfbundle; includeInIndex = 0; path = testUITests.xctest; sourceTree = BUILT_PRODUCTS_DIR; };
		BB57042D2855EF32001FA487 /* testUITests.swift */ = {isa = PBXFileReference; lastKnownFileType = sourcecode.swift; path = testUITests.swift; sourceTree = "<group>"; };
		BB57042F2855EF32001FA487 /* testUITestsLaunchTests.swift */ = {isa = PBXFileReference; lastKnownFileType = sourcecode.swift; path = testUITestsLaunchTests.swift; sourceTree = "<group>"; };
		BB57043C2855EFCE001FA487 /* Home.swift */ = {isa = PBXFileReference; lastKnownFileType = sourcecode.swift; path = Home.swift; sourceTree = "<group>"; };
		BB57043E2855F09C001FA487 /* MainPage.swift */ = {isa = PBXFileReference; lastKnownFileType = sourcecode.swift; path = MainPage.swift; sourceTree = "<group>"; };
		BB5704402855F0B7001FA487 /* SearchView.swift */ = {isa = PBXFileReference; lastKnownFileType = sourcecode.swift; path = SearchView.swift; sourceTree = "<group>"; };
		BB5704422855F0C6001FA487 /* Store.swift */ = {isa = PBXFileReference; lastKnownFileType = sourcecode.swift; path = Store.swift; sourceTree = "<group>"; };
		BB5704442855F0DE001FA487 /* Account.swift */ = {isa = PBXFileReference; lastKnownFileType = sourcecode.swift; path = Account.swift; sourceTree = "<group>"; };
/* End PBXFileReference section */

/* Begin PBXFrameworksBuildPhase section */
		BB57040C2855EF30001FA487 /* Frameworks */ = {
			isa = PBXFrameworksBuildPhase;
			buildActionMask = 2147483647;
			files = (
			);
			runOnlyForDeploymentPostprocessing = 0;
		};
		BB57041C2855EF32001FA487 /* Frameworks */ = {
			isa = PBXFrameworksBuildPhase;
			buildActionMask = 2147483647;
			files = (
			);
			runOnlyForDeploymentPostprocessing = 0;
		};
		BB5704262855EF32001FA487 /* Frameworks */ = {
			isa = PBXFrameworksBuildPhase;
			buildActionMask = 2147483647;
			files = (
			);
			runOnlyForDeploymentPostprocessing = 0;
		};
/* End PBXFrameworksBuildPhase section */

/* Begin PBXGroup section */
		BB5704062855EF30001FA487 = {
			isa = PBXGroup;
			children = (
				BB5704112855EF30001FA487 /* test */,
				BB5704222855EF32001FA487 /* testTests */,
				BB57042C2855EF32001FA487 /* testUITests */,
				BB5704102855EF30001FA487 /* Products */,
			);
			sourceTree = "<group>";
		};
		BB5704102855EF30001FA487 /* Products */ = {
			isa = PBXGroup;
			children = (
				BB57040F2855EF30001FA487 /* test.app */,
				BB57041F2855EF32001FA487 /* testTests.xctest */,
				BB5704292855EF32001FA487 /* testUITests.xctest */,
			);
			name = Products;
			sourceTree = "<group>";
		};
		BB5704112855EF30001FA487 /* test */ = {
			isa = PBXGroup;
			children = (
				BB5704122855EF30001FA487 /* testApp.swift */,
				BB5704142855EF30001FA487 /* ContentView.swift */,
				BB57043C2855EFCE001FA487 /* Home.swift */,
				BB5704402855F0B7001FA487 /* SearchView.swift */,
				BB5704422855F0C6001FA487 /* Store.swift */,
				BB5704442855F0DE001FA487 /* Account.swift */,
				BB57043E2855F09C001FA487 /* MainPage.swift */,
				BB5704162855EF32001FA487 /* Assets.xcassets */,
				BB5704182855EF32001FA487 /* Preview Content */,
			);
			path = test;
			sourceTree = "<group>";
		};
		BB5704182855EF32001FA487 /* Preview Content */ = {
			isa = PBXGroup;
			children = (
				BB5704192855EF32001FA487 /* Preview Assets.xcassets */,
			);
			path = "Preview Content";
			sourceTree = "<group>";
		};
		BB5704222855EF32001FA487 /* testTests */ = {
			isa = PBXGroup;
			children = (
				BB5704232855EF32001FA487 /* testTests.swift */,
			);
			path = testTests;
			sourceTree = "<group>";
		};
		BB57042C2855EF32001FA487 /* testUITests */ = {
			isa = PBXGroup;
			children = (
				BB57042D2855EF32001FA487 /* testUITests.swift */,
				BB57042F2855EF32001FA487 /* testUITestsLaunchTests.swift */,
			);
			path = testUITests;
			sourceTree = "<group>";
		};
/* End PBXGroup section */

/* Begin PBXNativeTarget section */
		BB57040E2855EF30001FA487 /* test */ = {
			isa = PBXNativeTarget;
			buildConfigurationList = BB5704332855EF32001FA487 /* Build configuration list for PBXNativeTarget "test" */;
			buildPhases = (
				BB57040B2855EF30001FA487 /* Sources */,
				BB57040C2855EF30001FA487 /* Frameworks */,
				BB57040D2855EF30001FA487 /* Resources */,
			);
			buildRules = (
			);
			dependencies = (
			);
			name = test;
			productName = test;
			productReference = BB57040F2855EF30001FA487 /* test.app */;
			productType = "com.apple.product-type.application";
		};
		BB57041E2855EF32001FA487 /* testTests */ = {
			isa = PBXNativeTarget;
			buildConfigurationList = BB5704362855EF32001FA487 /* Build configuration list for PBXNativeTarget "testTests" */;
			buildPhases = (
				BB57041B2855EF32001FA487 /* Sources */,
				BB57041C2855EF32001FA487 /* Frameworks */,
				BB57041D2855EF32001FA487 /* Resources */,
			);
			buildRules = (
			);
			dependencies = (
				BB5704212855EF32001FA487 /* PBXTargetDependency */,
			);
			name = testTests;
			productName = testTests;
			productReference = BB57041F2855EF32001FA487 /* testTests.xctest */;
			productType = "com.apple.product-type.bundle.unit-test";
		};
		BB5704282855EF32001FA487 /* testUITests */ = {
			isa = PBXNativeTarget;
			buildConfigurationList = BB5704392855EF32001FA487 /* Build configuration list for PBXNativeTarget "testUITests" */;
			buildPhases = (
				BB5704252855EF32001FA487 /* Sources */,
				BB5704262855EF32001FA487 /* Frameworks */,
				BB5704272855EF32001FA487 /* Resources */,
			);
			buildRules = (
			);
			dependencies = (
				BB57042B2855EF32001FA487 /* PBXTargetDependency */,
			);
			name = testUITests;
			productName = testUITests;
			productReference = BB5704292855EF32001FA487 /* testUITests.xctest */;
			productType = "com.apple.product-type.bundle.ui-testing";
		};
/* End PBXNativeTarget section */

/* Begin PBXProject section */
		BB5704072855EF30001FA487 /* Project object */ = {
			isa = PBXProject;
			attributes = {
				BuildIndependentTargetsInParallel = 1;
				LastSwiftUpdateCheck = 1330;
				LastUpgradeCheck = 1330;
				TargetAttributes = {
					BB57040E2855EF30001FA487 = {
						CreatedOnToolsVersion = 13.3.1;
					};
					BB57041E2855EF32001FA487 = {
						CreatedOnToolsVersion = 13.3.1;
						TestTargetID = BB57040E2855EF30001FA487;
					};
					BB5704282855EF32001FA487 = {
						CreatedOnToolsVersion = 13.3.1;
						TestTargetID = BB57040E2855EF30001FA487;
					};
				};
			};
			buildConfigurationList = BB57040A2855EF30001FA487 /* Build configuration list for PBXProject "test" */;
			compatibilityVersion = "Xcode 13.0";
			developmentRegion = en;
			hasScannedForEncodings = 0;
			knownRegions = (
				en,
				Base,
			);
			mainGroup = BB5704062855EF30001FA487;
			productRefGroup = BB5704102855EF30001FA487 /* Products */;
			projectDirPath = "";
			projectRoot = "";
			targets = (
				BB57040E2855EF30001FA487 /* test */,
				BB57041E2855EF32001FA487 /* testTests */,
				BB5704282855EF32001FA487 /* testUITests */,
			);
		};
/* End PBXProject section */

/* Begin PBXResourcesBuildPhase section */
		BB57040D2855EF30001FA487 /* Resources */ = {
			isa = PBXResourcesBuildPhase;
			buildActionMask = 2147483647;
			files = (
				BB57041A2855EF32001FA487 /* Preview Assets.xcassets in Resources */,
				BB5704172855EF32001FA487 /* Assets.xcassets in Resources */,
			);
			runOnlyForDeploymentPostprocessing = 0;
		};
		BB57041D2855EF32001FA487 /* Resources */ = {
			isa = PBXResourcesBuildPhase;
			buildActionMask = 2147483647;
			files = (
			);
			runOnlyForDeploymentPostprocessing = 0;
		};
		BB5704272855EF32001FA487 /* Resources */ = {
			isa = PBXResourcesBuildPhase;
			buildActionMask = 2147483647;
			files = (
			);
			runOnlyForDeploymentPostprocessing = 0;
		};
/* End PBXResourcesBuildPhase section */

/* Begin PBXSourcesBuildPhase section */
		BB57040B2855EF30001FA487 /* Sources */ = {
			isa = PBXSourcesBuildPhase;
			buildActionMask = 2147483647;
			files = (
				BB5704412855F0B7001FA487 /* SearchView.swift in Sources */,
				BB5704152855EF30001FA487 /* ContentView.swift in Sources */,
				BB57043D2855EFCE001FA487 /* Home.swift in Sources */,
				BB5704432855F0C6001FA487 /* Store.swift in Sources */,
				BB5704132855EF30001FA487 /* testApp.swift in Sources */,
				BB57043F2855F09C001FA487 /* MainPage.swift in Sources */,
				BB5704452855F0DE001FA487 /* Account.swift in Sources */,
			);
			runOnlyForDeploymentPostprocessing = 0;
		};
		BB57041B2855EF32001FA487 /* Sources */ = {
			isa = PBXSourcesBuildPhase;
			buildActionMask = 2147483647;
			files = (
				BB5704242855EF32001FA487 /* testTests.swift in Sources */,
			);
			runOnlyForDeploymentPostprocessing = 0;
		};
		BB5704252855EF32001FA487 /* Sources */ = {
			isa = PBXSourcesBuildPhase;
			buildActionMask = 2147483647;
			files = (
				BB5704302855EF32001FA487 /* testUITestsLaunchTests.swift in Sources */,
				BB57042E2855EF32001FA487 /* testUITests.swift in Sources */,
			);
			runOnlyForDeploymentPostprocessing = 0;
		};
/* End PBXSourcesBuildPhase section */

/* Begin PBXTargetDependency section */
		BB5704212855EF32001FA487 /* PBXTargetDependency */ = {
			isa = PBXTargetDependency;
			target = BB57040E2855EF30001FA487 /* test */;
			targetProxy = BB5704202855EF32001FA487 /* PBXContainerItemProxy */;
		};
		BB57042B2855EF32001FA487 /* PBXTargetDependency */ = {
			isa = PBXTargetDependency;
			target = BB57040E2855EF30001FA487 /* test */;
			targetProxy = BB57042A2855EF32001FA487 /* PBXContainerItemProxy */;
		};
/* End PBXTargetDependency section */

/* Begin XCBuildConfiguration section */
		BB5704312855EF32001FA487 /* Debug */ = {
			isa = XCBuildConfiguration;
			buildSettings = {
				ALWAYS_SEARCH_USER_PATHS = NO;
				CLANG_ANALYZER_NONNULL = YES;
				CLANG_ANALYZER_NUMBER_OBJECT_CONVERSION = YES_AGGRESSIVE;
				CLANG_CXX_LANGUAGE_STANDARD = "gnu++17";
				CLANG_ENABLE_MODULES = YES;
				CLANG_ENABLE_OBJC_ARC = YES;
				CLANG_ENABLE_OBJC_WEAK = YES;
				CLANG_WARN_BLOCK_CAPTURE_AUTORELEASING = YES;
				CLANG_WARN_BOOL_CONVERSION = YES;
				CLANG_WARN_COMMA = YES;
				CLANG_WARN_CONSTANT_CONVERSION = YES;
				CLANG_WARN_DEPRECATED_OBJC_IMPLEMENTATIONS = YES;
				CLANG_WARN_DIRECT_OBJC_ISA_USAGE = YES_ERROR;
				CLANG_WARN_DOCUMENTATION_COMMENTS = YES;
				CLANG_WARN_EMPTY_BODY = YES;
				CLANG_WARN_ENUM_CONVERSION = YES;
				CLANG_WARN_INFINITE_RECURSION = YES;
				CLANG_WARN_INT_CONVERSION = YES;
				CLANG_WARN_NON_LITERAL_NULL_CONVERSION = YES;
				CLANG_WARN_OBJC_IMPLICIT_RETAIN_SELF = YES;
				CLANG_WARN_OBJC_LITERAL_CONVERSION = YES;
				CLANG_WARN_OBJC_ROOT_CLASS = YES_ERROR;
				CLANG_WARN_QUOTED_INCLUDE_IN_FRAMEWORK_HEADER = YES;
				CLANG_WARN_RANGE_LOOP_ANALYSIS = YES;
				CLANG_WARN_STRICT_PROTOTYPES = YES;
				CLANG_WARN_SUSPICIOUS_MOVE = YES;
				CLANG_WARN_UNGUARDED_AVAILABILITY = YES_AGGRESSIVE;
				CLANG_WARN_UNREACHABLE_CODE = YES;
				CLANG_WARN__DUPLICATE_METHOD_MATCH = YES;
				COPY_PHASE_STRIP = NO;
				DEBUG_INFORMATION_FORMAT = dwarf;
				ENABLE_STRICT_OBJC_MSGSEND = YES;
				ENABLE_TESTABILITY = YES;
				GCC_C_LANGUAGE_STANDARD = gnu11;
				GCC_DYNAMIC_NO_PIC = NO;
				GCC_NO_COMMON_BLOCKS = YES;
				GCC_OPTIMIZATION_LEVEL = 0;
				GCC_PREPROCESSOR_DEFINITIONS = (
					"DEBUG=1",
					"$(inherited)",
				);
				GCC_WARN_64_TO_32_BIT_CONVERSION = YES;
				GCC_WARN_ABOUT_RETURN_TYPE = YES_ERROR;
				GCC_WARN_UNDECLARED_SELECTOR = YES;
				GCC_WARN_UNINITIALIZED_AUTOS = YES_AGGRESSIVE;
				GCC_WARN_UNUSED_FUNCTION = YES;
				GCC_WARN_UNUSED_VARIABLE = YES;
				IPHONEOS_DEPLOYMENT_TARGET = 15.4;
				MTL_ENABLE_DEBUG_INFO = INCLUDE_SOURCE;
				MTL_FAST_MATH = YES;
				ONLY_ACTIVE_ARCH = YES;
				SDKROOT = iphoneos;
				SWIFT_ACTIVE_COMPILATION_CONDITIONS = DEBUG;
				SWIFT_OPTIMIZATION_LEVEL = "-Onone";
			};
			name = Debug;
		};
		BB5704322855EF32001FA487 /* Release */ = {
			isa = XCBuildConfiguration;
			buildSettings = {
				ALWAYS_SEARCH_USER_PATHS = NO;
				CLANG_ANALYZER_NONNULL = YES;
				CLANG_ANALYZER_NUMBER_OBJECT_CONVERSION = YES_AGGRESSIVE;
				CLANG_CXX_LANGUAGE_STANDARD = "gnu++17";
				CLANG_ENABLE_MODULES = YES;
				CLANG_ENABLE_OBJC_ARC = YES;
				CLANG_ENABLE_OBJC_WEAK = YES;
				CLANG_WARN_BLOCK_CAPTURE_AUTORELEASING = YES;
				CLANG_WARN_BOOL_CONVERSION = YES;
				CLANG_WARN_COMMA = YES;
				CLANG_WARN_CONSTANT_CONVERSION = YES;
				CLANG_WARN_DEPRECATED_OBJC_IMPLEMENTATIONS = YES;
				CLANG_WARN_DIRECT_OBJC_ISA_USAGE = YES_ERROR;
				CLANG_WARN_DOCUMENTATION_COMMENTS = YES;
				CLANG_WARN_EMPTY_BODY = YES;
				CLANG_WARN_ENUM_CONVERSION = YES;
				CLANG_WARN_INFINITE_RECURSION = YES;
				CLANG_WARN_INT_CONVERSION = YES;
				CLANG_WARN_NON_LITERAL_NULL_CONVERSION = YES;
				CLANG_WARN_OBJC_IMPLICIT_RETAIN_SELF = YES;
				CLANG_WARN_OBJC_LITERAL_CONVERSION = YES;
				CLANG_WARN_OBJC_ROOT_CLASS = YES_ERROR;
				CLANG_WARN_QUOTED_INCLUDE_IN_FRAMEWORK_HEADER = YES;
				CLANG_WARN_RANGE_LOOP_ANALYSIS = YES;
				CLANG_WARN_STRICT_PROTOTYPES = YES;
				CLANG_WARN_SUSPICIOUS_MOVE = YES;
				CLANG_WARN_UNGUARDED_AVAILABILITY = YES_AGGRESSIVE;
				CLANG_WARN_UNREACHABLE_CODE = YES;
				CLANG_WARN__DUPLICATE_METHOD_MATCH = YES;
				COPY_PHASE_STRIP = NO;
				DEBUG_INFORMATION_FORMAT = "dwarf-with-dsym";
				ENABLE_NS_ASSERTIONS = NO;
				ENABLE_STRICT_OBJC_MSGSEND = YES;
				GCC_C_LANGUAGE_STANDARD = gnu11;
				GCC_NO_COMMON_BLOCKS = YES;
				GCC_WARN_64_TO_32_BIT_CONVERSION = YES;
				GCC_WARN_ABOUT_RETURN_TYPE = YES_ERROR;
				GCC_WARN_UNDECLARED_SELECTOR = YES;
				GCC_WARN_UNINITIALIZED_AUTOS = YES_AGGRESSIVE;
				GCC_WARN_UNUSED_FUNCTION = YES;
				GCC_WARN_UNUSED_VARIABLE = YES;
				IPHONEOS_DEPLOYMENT_TARGET = 15.4;
				MTL_ENABLE_DEBUG_INFO = NO;
				MTL_FAST_MATH = YES;
				SDKROOT = iphoneos;
				SWIFT_COMPILATION_MODE = wholemodule;
				SWIFT_OPTIMIZATION_LEVEL = "-O";
				VALIDATE_PRODUCT = YES;
			};
			name = Release;
		};
		BB5704342855EF32001FA487 /* Debug */ = {
			isa = XCBuildConfiguration;
			buildSettings = {
				ASSETCATALOG_COMPILER_APPICON_NAME = AppIcon;
				ASSETCATALOG_COMPILER_GLOBAL_ACCENT_COLOR_NAME = AccentColor;
				CODE_SIGN_STYLE = Automatic;
				CURRENT_PROJECT_VERSION = 1;
				DEVELOPMENT_ASSET_PATHS = "\"test/Preview Content\"";
				ENABLE_PREVIEWS = YES;
				GENERATE_INFOPLIST_FILE = YES;
				INFOPLIST_KEY_UIApplicationSceneManifest_Generation = YES;
				INFOPLIST_KEY_UIApplicationSupportsIndirectInputEvents = YES;
				INFOPLIST_KEY_UILaunchScreen_Generation = YES;
				INFOPLIST_KEY_UISupportedInterfaceOrientations_iPad = "UIInterfaceOrientationPortrait UIInterfaceOrientationPortraitUpsideDown UIInterfaceOrientationLandscapeLeft UIInterfaceOrientationLandscapeRight";
				INFOPLIST_KEY_UISupportedInterfaceOrientations_iPhone = "UIInterfaceOrientationPortrait UIInterfaceOrientationLandscapeLeft UIInterfaceOrientationLandscapeRight";
				LD_RUNPATH_SEARCH_PATHS = (
					"$(inherited)",
					"@executable_path/Frameworks",
				);
				MARKETING_VERSION = 1.0;
				PRODUCT_BUNDLE_IDENTIFIER = Mulangu.test;
				PRODUCT_NAME = "$(TARGET_NAME)";
				SWIFT_EMIT_LOC_STRINGS = YES;
				SWIFT_VERSION = 5.0;
				TARGETED_DEVICE_FAMILY = "1,2";
			};
			name = Debug;
		};
		BB5704352855EF32001FA487 /* Release */ = {
			isa = XCBuildConfiguration;
			buildSettings = {
				ASSETCATALOG_COMPILER_APPICON_NAME = AppIcon;
				ASSETCATALOG_COMPILER_GLOBAL_ACCENT_COLOR_NAME = AccentColor;
				CODE_SIGN_STYLE = Automatic;
				CURRENT_PROJECT_VERSION = 1;
				DEVELOPMENT_ASSET_PATHS = "\"test/Preview Content\"";
				ENABLE_PREVIEWS = YES;
				GENERATE_INFOPLIST_FILE = YES;
				INFOPLIST_KEY_UIApplicationSceneManifest_Generation = YES;
				INFOPLIST_KEY_UIApplicationSupportsIndirectInputEvents = YES;
				INFOPLIST_KEY_UILaunchScreen_Generation = YES;
				INFOPLIST_KEY_UISupportedInterfaceOrientations_iPad = "UIInterfaceOrientationPortrait UIInterfaceOrientationPortraitUpsideDown UIInterfaceOrientationLandscapeLeft UIInterfaceOrientationLandscapeRight";
				INFOPLIST_KEY_UISupportedInterfaceOrientations_iPhone = "UIInterfaceOrientationPortrait UIInterfaceOrientationLandscapeLeft UIInterfaceOrientationLandscapeRight";
				LD_RUNPATH_SEARCH_PATHS = (
					"$(inherited)",
					"@executable_path/Frameworks",
				);
				MARKETING_VERSION = 1.0;
				PRODUCT_BUNDLE_IDENTIFIER = Mulangu.test;
				PRODUCT_NAME = "$(TARGET_NAME)";
				SWIFT_EMIT_LOC_STRINGS = YES;
				SWIFT_VERSION = 5.0;
				TARGETED_DEVICE_FAMILY = "1,2";
			};
			name = Release;
		};
		BB5704372855EF32001FA487 /* Debug */ = {
			isa = XCBuildConfiguration;
			buildSettings = {
				ALWAYS_EMBED_SWIFT_STANDARD_LIBRARIES = YES;
				BUNDLE_LOADER = "$(TEST_HOST)";
				CODE_SIGN_STYLE = Automatic;
				CURRENT_PROJECT_VERSION = 1;
				GENERATE_INFOPLIST_FILE = YES;
				IPHONEOS_DEPLOYMENT_TARGET = 15.4;
				MARKETING_VERSION = 1.0;
				PRODUCT_BUNDLE_IDENTIFIER = Mulangu.testTests;
				PRODUCT_NAME = "$(TARGET_NAME)";
				SWIFT_EMIT_LOC_STRINGS = NO;
				SWIFT_VERSION = 5.0;
				TARGETED_DEVICE_FAMILY = "1,2";
				TEST_HOST = "$(BUILT_PRODUCTS_DIR)/test.app/test";
			};
			name = Debug;
		};
		BB5704382855EF32001FA487 /* Release */ = {
			isa = XCBuildConfiguration;
			buildSettings = {
				ALWAYS_EMBED_SWIFT_STANDARD_LIBRARIES = YES;
				BUNDLE_LOADER = "$(TEST_HOST)";
				CODE_SIGN_STYLE = Automatic;
				CURRENT_PROJECT_VERSION = 1;
				GENERATE_INFOPLIST_FILE = YES;
				IPHONEOS_DEPLOYMENT_TARGET = 15.4;
				MARKETING_VERSION = 1.0;
				PRODUCT_BUNDLE_IDENTIFIER = Mulangu.testTests;
				PRODUCT_NAME = "$(TARGET_NAME)";
				SWIFT_EMIT_LOC_STRINGS = NO;
				SWIFT_VERSION = 5.0;
				TARGETED_DEVICE_FAMILY = "1,2";
				TEST_HOST = "$(BUILT_PRODUCTS_DIR)/test.app/test";
			};
			name = Release;
		};
		BB57043A2855EF32001FA487 /* Debug */ = {
			isa = XCBuildConfiguration;
			buildSettings = {
				ALWAYS_EMBED_SWIFT_STANDARD_LIBRARIES = YES;
				CODE_SIGN_STYLE = Automatic;
				CURRENT_PROJECT_VERSION = 1;
				GENERATE_INFOPLIST_FILE = YES;
				MARKETING_VERSION = 1.0;
				PRODUCT_BUNDLE_IDENTIFIER = Mulangu.testUITests;
				PRODUCT_NAME = "$(TARGET_NAME)";
				SWIFT_EMIT_LOC_STRINGS = NO;
				SWIFT_VERSION = 5.0;
				TARGETED_DEVICE_FAMILY = "1,2";
				TEST_TARGET_NAME = test;
			};
			name = Debug;
		};
		BB57043B2855EF32001FA487 /* Release */ = {
			isa = XCBuildConfiguration;
			buildSettings = {
				ALWAYS_EMBED_SWIFT_STANDARD_LIBRARIES = YES;
				CODE_SIGN_STYLE = Automatic;
				CURRENT_PROJECT_VERSION = 1;
				GENERATE_INFOPLIST_FILE = YES;
				MARKETING_VERSION = 1.0;
				PRODUCT_BUNDLE_IDENTIFIER = Mulangu.testUITests;
				PRODUCT_NAME = "$(TARGET_NAME)";
				SWIFT_EMIT_LOC_STRINGS = NO;
				SWIFT_VERSION = 5.0;
				TARGETED_DEVICE_FAMILY = "1,2";
				TEST_TARGET_NAME = test;
			};
			name = Release;
		};
/* End XCBuildConfiguration section */

/* Begin XCConfigurationList section */
		BB57040A2855EF30001FA487 /* Build configuration list for PBXProject "test" */ = {
			isa = XCConfigurationList;
			buildConfigurations = (
				BB5704312855EF32001FA487 /* Debug */,
				BB5704322855EF32001FA487 /* Release */,
			);
			defaultConfigurationIsVisible = 0;
			defaultConfigurationName = Release;
		};
		BB5704332855EF32001FA487 /* Build configuration list for PBXNativeTarget "test" */ = {
			isa = XCConfigurationList;
			buildConfigurations = (
				BB5704342855EF32001FA487 /* Debug */,
				BB5704352855EF32001FA487 /* Release */,
			);
			defaultConfigurationIsVisible = 0;
			defaultConfigurationName = Release;
		};
		BB5704362855EF32001FA487 /* Build configuration list for PBXNativeTarget "testTests" */ = {
			isa = XCConfigurationList;
			buildConfigurations = (
				BB5704372855EF32001FA487 /* Debug */,
				BB5704382855EF32001FA487 /* Release */,
			);
			defaultConfigurationIsVisible = 0;
			defaultConfigurationName = Release;
		};
		BB5704392855EF32001FA487 /* Build configuration list for PBXNativeTarget "testUITests" */ = {
			isa = XCConfigurationList;
			buildConfigurations = (
				BB57043A2855EF32001FA487 /* Debug */,
				BB57043B2855EF32001FA487 /* Release */,
			);
			defaultConfigurationIsVisible = 0;
			defaultConfigurationName = Release;
		};
/* End XCConfigurationList section */
	};
	rootObject = BB5704072855EF30001FA487 /* Project object */;
}
