// !$*UTF8*$!
{
	archiveVersion = 1;
	classes = {
	};
	objectVersion = 56;
	objects = {

/* Begin PBXBuildFile section */
		BB212B252995C67700CED94E /* test123App.swift in Sources */ = {isa = PBXBuildFile; fileRef = BB212B242995C67700CED94E /* test123App.swift */; };
		BB212B272995C67700CED94E /* ContentView.swift in Sources */ = {isa = PBXBuildFile; fileRef = BB212B262995C67700CED94E /* ContentView.swift */; };
		BB212B292995C68000CED94E /* Assets.xcassets in Resources */ = {isa = PBXBuildFile; fileRef = BB212B282995C68000CED94E /* Assets.xcassets */; };
		BB212B2C2995C68000CED94E /* Preview Assets.xcassets in Resources */ = {isa = PBXBuildFile; fileRef = BB212B2B2995C68000CED94E /* Preview Assets.xcassets */; };
		BB212B362995C68100CED94E /* test123Tests.swift in Sources */ = {isa = PBXBuildFile; fileRef = BB212B352995C68100CED94E /* test123Tests.swift */; };
		BB212B402995C68100CED94E /* test123UITests.swift in Sources */ = {isa = PBXBuildFile; fileRef = BB212B3F2995C68100CED94E /* test123UITests.swift */; };
		BB212B422995C68200CED94E /* test123UITestsLaunchTests.swift in Sources */ = {isa = PBXBuildFile; fileRef = BB212B412995C68200CED94E /* test123UITestsLaunchTests.swift */; };
/* End PBXBuildFile section */

/* Begin PBXContainerItemProxy section */
		BB212B322995C68100CED94E /* PBXContainerItemProxy */ = {
			isa = PBXContainerItemProxy;
			containerPortal = BB212B192995C67600CED94E /* Project object */;
			proxyType = 1;
			remoteGlobalIDString = BB212B202995C67700CED94E;
			remoteInfo = test123;
		};
		BB212B3C2995C68100CED94E /* PBXContainerItemProxy */ = {
			isa = PBXContainerItemProxy;
			containerPortal = BB212B192995C67600CED94E /* Project object */;
			proxyType = 1;
			remoteGlobalIDString = BB212B202995C67700CED94E;
			remoteInfo = test123;
		};
/* End PBXContainerItemProxy section */

/* Begin PBXFileReference section */
		BB212B212995C67700CED94E /* test123.app */ = {isa = PBXFileReference; explicitFileType = wrapper.application; includeInIndex = 0; path = test123.app; sourceTree = BUILT_PRODUCTS_DIR; };
		BB212B242995C67700CED94E /* test123App.swift */ = {isa = PBXFileReference; lastKnownFileType = sourcecode.swift; path = test123App.swift; sourceTree = "<group>"; };
		BB212B262995C67700CED94E /* ContentView.swift */ = {isa = PBXFileReference; lastKnownFileType = sourcecode.swift; path = ContentView.swift; sourceTree = "<group>"; };
		BB212B282995C68000CED94E /* Assets.xcassets */ = {isa = PBXFileReference; lastKnownFileType = folder.assetcatalog; path = Assets.xcassets; sourceTree = "<group>"; };
		BB212B2B2995C68000CED94E /* Preview Assets.xcassets */ = {isa = PBXFileReference; lastKnownFileType = folder.assetcatalog; path = "Preview Assets.xcassets"; sourceTree = "<group>"; };
		BB212B312995C68100CED94E /* test123Tests.xctest */ = {isa = PBXFileReference; explicitFileType = wrapper.cfbundle; includeInIndex = 0; path = test123Tests.xctest; sourceTree = BUILT_PRODUCTS_DIR; };
		BB212B352995C68100CED94E /* test123Tests.swift */ = {isa = PBXFileReference; lastKnownFileType = sourcecode.swift; path = test123Tests.swift; sourceTree = "<group>"; };
		BB212B3B2995C68100CED94E /* test123UITests.xctest */ = {isa = PBXFileReference; explicitFileType = wrapper.cfbundle; includeInIndex = 0; path = test123UITests.xctest; sourceTree = BUILT_PRODUCTS_DIR; };
		BB212B3F2995C68100CED94E /* test123UITests.swift */ = {isa = PBXFileReference; lastKnownFileType = sourcecode.swift; path = test123UITests.swift; sourceTree = "<group>"; };
		BB212B412995C68200CED94E /* test123UITestsLaunchTests.swift */ = {isa = PBXFileReference; lastKnownFileType = sourcecode.swift; path = test123UITestsLaunchTests.swift; sourceTree = "<group>"; };
/* End PBXFileReference section */

/* Begin PBXFrameworksBuildPhase section */
		BB212B1E2995C67700CED94E /* Frameworks */ = {
			isa = PBXFrameworksBuildPhase;
			buildActionMask = 2147483647;
			files = (
			);
			runOnlyForDeploymentPostprocessing = 0;
		};
		BB212B2E2995C68100CED94E /* Frameworks */ = {
			isa = PBXFrameworksBuildPhase;
			buildActionMask = 2147483647;
			files = (
			);
			runOnlyForDeploymentPostprocessing = 0;
		};
		BB212B382995C68100CED94E /* Frameworks */ = {
			isa = PBXFrameworksBuildPhase;
			buildActionMask = 2147483647;
			files = (
			);
			runOnlyForDeploymentPostprocessing = 0;
		};
/* End PBXFrameworksBuildPhase section */

/* Begin PBXGroup section */
		BB212B182995C67600CED94E = {
			isa = PBXGroup;
			children = (
				BB212B232995C67700CED94E /* test123 */,
				BB212B342995C68100CED94E /* test123Tests */,
				BB212B3E2995C68100CED94E /* test123UITests */,
				BB212B222995C67700CED94E /* Products */,
			);
			sourceTree = "<group>";
		};
		BB212B222995C67700CED94E /* Products */ = {
			isa = PBXGroup;
			children = (
				BB212B212995C67700CED94E /* test123.app */,
				BB212B312995C68100CED94E /* test123Tests.xctest */,
				BB212B3B2995C68100CED94E /* test123UITests.xctest */,
			);
			name = Products;
			sourceTree = "<group>";
		};
		BB212B232995C67700CED94E /* test123 */ = {
			isa = PBXGroup;
			children = (
				BB212B242995C67700CED94E /* test123App.swift */,
				BB212B262995C67700CED94E /* ContentView.swift */,
				BB212B282995C68000CED94E /* Assets.xcassets */,
				BB212B2A2995C68000CED94E /* Preview Content */,
			);
			path = test123;
			sourceTree = "<group>";
		};
		BB212B2A2995C68000CED94E /* Preview Content */ = {
			isa = PBXGroup;
			children = (
				BB212B2B2995C68000CED94E /* Preview Assets.xcassets */,
			);
			path = "Preview Content";
			sourceTree = "<group>";
		};
		BB212B342995C68100CED94E /* test123Tests */ = {
			isa = PBXGroup;
			children = (
				BB212B352995C68100CED94E /* test123Tests.swift */,
			);
			path = test123Tests;
			sourceTree = "<group>";
		};
		BB212B3E2995C68100CED94E /* test123UITests */ = {
			isa = PBXGroup;
			children = (
				BB212B3F2995C68100CED94E /* test123UITests.swift */,
				BB212B412995C68200CED94E /* test123UITestsLaunchTests.swift */,
			);
			path = test123UITests;
			sourceTree = "<group>";
		};
/* End PBXGroup section */

/* Begin PBXNativeTarget section */
		BB212B202995C67700CED94E /* test123 */ = {
			isa = PBXNativeTarget;
			buildConfigurationList = BB212B452995C68200CED94E /* Build configuration list for PBXNativeTarget "test123" */;
			buildPhases = (
				BB212B1D2995C67700CED94E /* Sources */,
				BB212B1E2995C67700CED94E /* Frameworks */,
				BB212B1F2995C67700CED94E /* Resources */,
			);
			buildRules = (
			);
			dependencies = (
			);
			name = test123;
			productName = test123;
			productReference = BB212B212995C67700CED94E /* test123.app */;
			productType = "com.apple.product-type.application";
		};
		BB212B302995C68100CED94E /* test123Tests */ = {
			isa = PBXNativeTarget;
			buildConfigurationList = BB212B482995C68200CED94E /* Build configuration list for PBXNativeTarget "test123Tests" */;
			buildPhases = (
				BB212B2D2995C68100CED94E /* Sources */,
				BB212B2E2995C68100CED94E /* Frameworks */,
				BB212B2F2995C68100CED94E /* Resources */,
			);
			buildRules = (
			);
			dependencies = (
				BB212B332995C68100CED94E /* PBXTargetDependency */,
			);
			name = test123Tests;
			productName = test123Tests;
			productReference = BB212B312995C68100CED94E /* test123Tests.xctest */;
			productType = "com.apple.product-type.bundle.unit-test";
		};
		BB212B3A2995C68100CED94E /* test123UITests */ = {
			isa = PBXNativeTarget;
			buildConfigurationList = BB212B4B2995C68200CED94E /* Build configuration list for PBXNativeTarget "test123UITests" */;
			buildPhases = (
				BB212B372995C68100CED94E /* Sources */,
				BB212B382995C68100CED94E /* Frameworks */,
				BB212B392995C68100CED94E /* Resources */,
			);
			buildRules = (
			);
			dependencies = (
				BB212B3D2995C68100CED94E /* PBXTargetDependency */,
			);
			name = test123UITests;
			productName = test123UITests;
			productReference = BB212B3B2995C68100CED94E /* test123UITests.xctest */;
			productType = "com.apple.product-type.bundle.ui-testing";
		};
/* End PBXNativeTarget section */

/* Begin PBXProject section */
		BB212B192995C67600CED94E /* Project object */ = {
			isa = PBXProject;
			attributes = {
				BuildIndependentTargetsInParallel = 1;
				LastSwiftUpdateCheck = 1420;
				LastUpgradeCheck = 1420;
				TargetAttributes = {
					BB212B202995C67700CED94E = {
						CreatedOnToolsVersion = 14.2;
					};
					BB212B302995C68100CED94E = {
						CreatedOnToolsVersion = 14.2;
						TestTargetID = BB212B202995C67700CED94E;
					};
					BB212B3A2995C68100CED94E = {
						CreatedOnToolsVersion = 14.2;
						TestTargetID = BB212B202995C67700CED94E;
					};
				};
			};
			buildConfigurationList = BB212B1C2995C67600CED94E /* Build configuration list for PBXProject "test123" */;
			compatibilityVersion = "Xcode 14.0";
			developmentRegion = en;
			hasScannedForEncodings = 0;
			knownRegions = (
				en,
				Base,
			);
			mainGroup = BB212B182995C67600CED94E;
			productRefGroup = BB212B222995C67700CED94E /* Products */;
			projectDirPath = "";
			projectRoot = "";
			targets = (
				BB212B202995C67700CED94E /* test123 */,
				BB212B302995C68100CED94E /* test123Tests */,
				BB212B3A2995C68100CED94E /* test123UITests */,
			);
		};
/* End PBXProject section */

/* Begin PBXResourcesBuildPhase section */
		BB212B1F2995C67700CED94E /* Resources */ = {
			isa = PBXResourcesBuildPhase;
			buildActionMask = 2147483647;
			files = (
				BB212B2C2995C68000CED94E /* Preview Assets.xcassets in Resources */,
				BB212B292995C68000CED94E /* Assets.xcassets in Resources */,
			);
			runOnlyForDeploymentPostprocessing = 0;
		};
		BB212B2F2995C68100CED94E /* Resources */ = {
			isa = PBXResourcesBuildPhase;
			buildActionMask = 2147483647;
			files = (
			);
			runOnlyForDeploymentPostprocessing = 0;
		};
		BB212B392995C68100CED94E /* Resources */ = {
			isa = PBXResourcesBuildPhase;
			buildActionMask = 2147483647;
			files = (
			);
			runOnlyForDeploymentPostprocessing = 0;
		};
/* End PBXResourcesBuildPhase section */

/* Begin PBXSourcesBuildPhase section */
		BB212B1D2995C67700CED94E /* Sources */ = {
			isa = PBXSourcesBuildPhase;
			buildActionMask = 2147483647;
			files = (
				BB212B272995C67700CED94E /* ContentView.swift in Sources */,
				BB212B252995C67700CED94E /* test123App.swift in Sources */,
			);
			runOnlyForDeploymentPostprocessing = 0;
		};
		BB212B2D2995C68100CED94E /* Sources */ = {
			isa = PBXSourcesBuildPhase;
			buildActionMask = 2147483647;
			files = (
				BB212B362995C68100CED94E /* test123Tests.swift in Sources */,
			);
			runOnlyForDeploymentPostprocessing = 0;
		};
		BB212B372995C68100CED94E /* Sources */ = {
			isa = PBXSourcesBuildPhase;
			buildActionMask = 2147483647;
			files = (
				BB212B402995C68100CED94E /* test123UITests.swift in Sources */,
				BB212B422995C68200CED94E /* test123UITestsLaunchTests.swift in Sources */,
			);
			runOnlyForDeploymentPostprocessing = 0;
		};
/* End PBXSourcesBuildPhase section */

/* Begin PBXTargetDependency section */
		BB212B332995C68100CED94E /* PBXTargetDependency */ = {
			isa = PBXTargetDependency;
			target = BB212B202995C67700CED94E /* test123 */;
			targetProxy = BB212B322995C68100CED94E /* PBXContainerItemProxy */;
		};
		BB212B3D2995C68100CED94E /* PBXTargetDependency */ = {
			isa = PBXTargetDependency;
			target = BB212B202995C67700CED94E /* test123 */;
			targetProxy = BB212B3C2995C68100CED94E /* PBXContainerItemProxy */;
		};
/* End PBXTargetDependency section */

/* Begin XCBuildConfiguration section */
		BB212B432995C68200CED94E /* Debug */ = {
			isa = XCBuildConfiguration;
			buildSettings = {
				ALWAYS_SEARCH_USER_PATHS = NO;
				CLANG_ANALYZER_NONNULL = YES;
				CLANG_ANALYZER_NUMBER_OBJECT_CONVERSION = YES_AGGRESSIVE;
				CLANG_CXX_LANGUAGE_STANDARD = "gnu++20";
				CLANG_ENABLE_MODULES = YES;
				CLANG_ENABLE_OBJC_ARC = YES;
				CLANG_ENABLE_OBJC_WEAK = YES;
				CLANG_WARN_BLOCK_CAPTURE_AUTORELEASING = YES;
				CLANG_WARN_BOOL_CONVERSION = YES;
				CLANG_WARN_COMMA = YES;
				CLANG_WARN_CONSTANT_CONVERSION = YES;
				CLANG_WARN_DEPRECATED_OBJC_IMPLEMENTATIONS = YES;
				CLANG_WARN_DIRECT_OBJC_ISA_USAGE = YES_ERROR;
				CLANG_WARN_DOCUMENTATION_COMMENTS = YES;
				CLANG_WARN_EMPTY_BODY = YES;
				CLANG_WARN_ENUM_CONVERSION = YES;
				CLANG_WARN_INFINITE_RECURSION = YES;
				CLANG_WARN_INT_CONVERSION = YES;
				CLANG_WARN_NON_LITERAL_NULL_CONVERSION = YES;
				CLANG_WARN_OBJC_IMPLICIT_RETAIN_SELF = YES;
				CLANG_WARN_OBJC_LITERAL_CONVERSION = YES;
				CLANG_WARN_OBJC_ROOT_CLASS = YES_ERROR;
				CLANG_WARN_QUOTED_INCLUDE_IN_FRAMEWORK_HEADER = YES;
				CLANG_WARN_RANGE_LOOP_ANALYSIS = YES;
				CLANG_WARN_STRICT_PROTOTYPES = YES;
				CLANG_WARN_SUSPICIOUS_MOVE = YES;
				CLANG_WARN_UNGUARDED_AVAILABILITY = YES_AGGRESSIVE;
				CLANG_WARN_UNREACHABLE_CODE = YES;
				CLANG_WARN__DUPLICATE_METHOD_MATCH = YES;
				COPY_PHASE_STRIP = NO;
				DEBUG_INFORMATION_FORMAT = dwarf;
				ENABLE_STRICT_OBJC_MSGSEND = YES;
				ENABLE_TESTABILITY = YES;
				GCC_C_LANGUAGE_STANDARD = gnu11;
				GCC_DYNAMIC_NO_PIC = NO;
				GCC_NO_COMMON_BLOCKS = YES;
				GCC_OPTIMIZATION_LEVEL = 0;
				GCC_PREPROCESSOR_DEFINITIONS = (
					"DEBUG=1",
					"$(inherited)",
				);
				GCC_WARN_64_TO_32_BIT_CONVERSION = YES;
				GCC_WARN_ABOUT_RETURN_TYPE = YES_ERROR;
				GCC_WARN_UNDECLARED_SELECTOR = YES;
				GCC_WARN_UNINITIALIZED_AUTOS = YES_AGGRESSIVE;
				GCC_WARN_UNUSED_FUNCTION = YES;
				GCC_WARN_UNUSED_VARIABLE = YES;
				IPHONEOS_DEPLOYMENT_TARGET = 16.2;
				MTL_ENABLE_DEBUG_INFO = INCLUDE_SOURCE;
				MTL_FAST_MATH = YES;
				ONLY_ACTIVE_ARCH = YES;
				SDKROOT = iphoneos;
				SWIFT_ACTIVE_COMPILATION_CONDITIONS = DEBUG;
				SWIFT_OPTIMIZATION_LEVEL = "-Onone";
			};
			name = Debug;
		};
		BB212B442995C68200CED94E /* Release */ = {
			isa = XCBuildConfiguration;
			buildSettings = {
				ALWAYS_SEARCH_USER_PATHS = NO;
				CLANG_ANALYZER_NONNULL = YES;
				CLANG_ANALYZER_NUMBER_OBJECT_CONVERSION = YES_AGGRESSIVE;
				CLANG_CXX_LANGUAGE_STANDARD = "gnu++20";
				CLANG_ENABLE_MODULES = YES;
				CLANG_ENABLE_OBJC_ARC = YES;
				CLANG_ENABLE_OBJC_WEAK = YES;
				CLANG_WARN_BLOCK_CAPTURE_AUTORELEASING = YES;
				CLANG_WARN_BOOL_CONVERSION = YES;
				CLANG_WARN_COMMA = YES;
				CLANG_WARN_CONSTANT_CONVERSION = YES;
				CLANG_WARN_DEPRECATED_OBJC_IMPLEMENTATIONS = YES;
				CLANG_WARN_DIRECT_OBJC_ISA_USAGE = YES_ERROR;
				CLANG_WARN_DOCUMENTATION_COMMENTS = YES;
				CLANG_WARN_EMPTY_BODY = YES;
				CLANG_WARN_ENUM_CONVERSION = YES;
				CLANG_WARN_INFINITE_RECURSION = YES;
				CLANG_WARN_INT_CONVERSION = YES;
				CLANG_WARN_NON_LITERAL_NULL_CONVERSION = YES;
				CLANG_WARN_OBJC_IMPLICIT_RETAIN_SELF = YES;
				CLANG_WARN_OBJC_LITERAL_CONVERSION = YES;
				CLANG_WARN_OBJC_ROOT_CLASS = YES_ERROR;
				CLANG_WARN_QUOTED_INCLUDE_IN_FRAMEWORK_HEADER = YES;
				CLANG_WARN_RANGE_LOOP_ANALYSIS = YES;
				CLANG_WARN_STRICT_PROTOTYPES = YES;
				CLANG_WARN_SUSPICIOUS_MOVE = YES;
				CLANG_WARN_UNGUARDED_AVAILABILITY = YES_AGGRESSIVE;
				CLANG_WARN_UNREACHABLE_CODE = YES;
				CLANG_WARN__DUPLICATE_METHOD_MATCH = YES;
				COPY_PHASE_STRIP = NO;
				DEBUG_INFORMATION_FORMAT = "dwarf-with-dsym";
				ENABLE_NS_ASSERTIONS = NO;
				ENABLE_STRICT_OBJC_MSGSEND = YES;
				GCC_C_LANGUAGE_STANDARD = gnu11;
				GCC_NO_COMMON_BLOCKS = YES;
				GCC_WARN_64_TO_32_BIT_CONVERSION = YES;
				GCC_WARN_ABOUT_RETURN_TYPE = YES_ERROR;
				GCC_WARN_UNDECLARED_SELECTOR = YES;
				GCC_WARN_UNINITIALIZED_AUTOS = YES_AGGRESSIVE;
				GCC_WARN_UNUSED_FUNCTION = YES;
				GCC_WARN_UNUSED_VARIABLE = YES;
				IPHONEOS_DEPLOYMENT_TARGET = 16.2;
				MTL_ENABLE_DEBUG_INFO = NO;
				MTL_FAST_MATH = YES;
				SDKROOT = iphoneos;
				SWIFT_COMPILATION_MODE = wholemodule;
				SWIFT_OPTIMIZATION_LEVEL = "-O";
				VALIDATE_PRODUCT = YES;
			};
			name = Release;
		};
		BB212B462995C68200CED94E /* Debug */ = {
			isa = XCBuildConfiguration;
			buildSettings = {
				ASSETCATALOG_COMPILER_APPICON_NAME = AppIcon;
				ASSETCATALOG_COMPILER_GLOBAL_ACCENT_COLOR_NAME = AccentColor;
				CODE_SIGN_STYLE = Automatic;
				CURRENT_PROJECT_VERSION = 1;
				DEVELOPMENT_ASSET_PATHS = "\"test123/Preview Content\"";
				ENABLE_PREVIEWS = YES;
				GENERATE_INFOPLIST_FILE = YES;
				INFOPLIST_KEY_UIApplicationSceneManifest_Generation = YES;
				INFOPLIST_KEY_UIApplicationSupportsIndirectInputEvents = YES;
				INFOPLIST_KEY_UILaunchScreen_Generation = YES;
				INFOPLIST_KEY_UISupportedInterfaceOrientations_iPad = "UIInterfaceOrientationPortrait UIInterfaceOrientationPortraitUpsideDown UIInterfaceOrientationLandscapeLeft UIInterfaceOrientationLandscapeRight";
				INFOPLIST_KEY_UISupportedInterfaceOrientations_iPhone = "UIInterfaceOrientationPortrait UIInterfaceOrientationLandscapeLeft UIInterfaceOrientationLandscapeRight";
				LD_RUNPATH_SEARCH_PATHS = (
					"$(inherited)",
					"@executable_path/Frameworks",
				);
				MARKETING_VERSION = 1.0;
				PRODUCT_BUNDLE_IDENTIFIER = Mulangu.test123;
				PRODUCT_NAME = "$(TARGET_NAME)";
				SWIFT_EMIT_LOC_STRINGS = YES;
				SWIFT_VERSION = 5.0;
				TARGETED_DEVICE_FAMILY = "1,2";
			};
			name = Debug;
		};
		BB212B472995C68200CED94E /* Release */ = {
			isa = XCBuildConfiguration;
			buildSettings = {
				ASSETCATALOG_COMPILER_APPICON_NAME = AppIcon;
				ASSETCATALOG_COMPILER_GLOBAL_ACCENT_COLOR_NAME = AccentColor;
				CODE_SIGN_STYLE = Automatic;
				CURRENT_PROJECT_VERSION = 1;
				DEVELOPMENT_ASSET_PATHS = "\"test123/Preview Content\"";
				ENABLE_PREVIEWS = YES;
				GENERATE_INFOPLIST_FILE = YES;
				INFOPLIST_KEY_UIApplicationSceneManifest_Generation = YES;
				INFOPLIST_KEY_UIApplicationSupportsIndirectInputEvents = YES;
				INFOPLIST_KEY_UILaunchScreen_Generation = YES;
				INFOPLIST_KEY_UISupportedInterfaceOrientations_iPad = "UIInterfaceOrientationPortrait UIInterfaceOrientationPortraitUpsideDown UIInterfaceOrientationLandscapeLeft UIInterfaceOrientationLandscapeRight";
				INFOPLIST_KEY_UISupportedInterfaceOrientations_iPhone = "UIInterfaceOrientationPortrait UIInterfaceOrientationLandscapeLeft UIInterfaceOrientationLandscapeRight";
				LD_RUNPATH_SEARCH_PATHS = (
					"$(inherited)",
					"@executable_path/Frameworks",
				);
				MARKETING_VERSION = 1.0;
				PRODUCT_BUNDLE_IDENTIFIER = Mulangu.test123;
				PRODUCT_NAME = "$(TARGET_NAME)";
				SWIFT_EMIT_LOC_STRINGS = YES;
				SWIFT_VERSION = 5.0;
				TARGETED_DEVICE_FAMILY = "1,2";
			};
			name = Release;
		};
		BB212B492995C68200CED94E /* Debug */ = {
			isa = XCBuildConfiguration;
			buildSettings = {
				ALWAYS_EMBED_SWIFT_STANDARD_LIBRARIES = YES;
				BUNDLE_LOADER = "$(TEST_HOST)";
				CODE_SIGN_STYLE = Automatic;
				CURRENT_PROJECT_VERSION = 1;
				GENERATE_INFOPLIST_FILE = YES;
				IPHONEOS_DEPLOYMENT_TARGET = 16.2;
				MARKETING_VERSION = 1.0;
				PRODUCT_BUNDLE_IDENTIFIER = Mulangu.test123Tests;
				PRODUCT_NAME = "$(TARGET_NAME)";
				SWIFT_EMIT_LOC_STRINGS = NO;
				SWIFT_VERSION = 5.0;
				TARGETED_DEVICE_FAMILY = "1,2";
				TEST_HOST = "$(BUILT_PRODUCTS_DIR)/test123.app/$(BUNDLE_EXECUTABLE_FOLDER_PATH)/test123";
			};
			name = Debug;
		};
		BB212B4A2995C68200CED94E /* Release */ = {
			isa = XCBuildConfiguration;
			buildSettings = {
				ALWAYS_EMBED_SWIFT_STANDARD_LIBRARIES = YES;
				BUNDLE_LOADER = "$(TEST_HOST)";
				CODE_SIGN_STYLE = Automatic;
				CURRENT_PROJECT_VERSION = 1;
				GENERATE_INFOPLIST_FILE = YES;
				IPHONEOS_DEPLOYMENT_TARGET = 16.2;
				MARKETING_VERSION = 1.0;
				PRODUCT_BUNDLE_IDENTIFIER = Mulangu.test123Tests;
				PRODUCT_NAME = "$(TARGET_NAME)";
				SWIFT_EMIT_LOC_STRINGS = NO;
				SWIFT_VERSION = 5.0;
				TARGETED_DEVICE_FAMILY = "1,2";
				TEST_HOST = "$(BUILT_PRODUCTS_DIR)/test123.app/$(BUNDLE_EXECUTABLE_FOLDER_PATH)/test123";
			};
			name = Release;
		};
		BB212B4C2995C68200CED94E /* Debug */ = {
			isa = XCBuildConfiguration;
			buildSettings = {
				ALWAYS_EMBED_SWIFT_STANDARD_LIBRARIES = YES;
				CODE_SIGN_STYLE = Automatic;
				CURRENT_PROJECT_VERSION = 1;
				GENERATE_INFOPLIST_FILE = YES;
				MARKETING_VERSION = 1.0;
				PRODUCT_BUNDLE_IDENTIFIER = Mulangu.test123UITests;
				PRODUCT_NAME = "$(TARGET_NAME)";
				SWIFT_EMIT_LOC_STRINGS = NO;
				SWIFT_VERSION = 5.0;
				TARGETED_DEVICE_FAMILY = "1,2";
				TEST_TARGET_NAME = test123;
			};
			name = Debug;
		};
		BB212B4D2995C68200CED94E /* Release */ = {
			isa = XCBuildConfiguration;
			buildSettings = {
				ALWAYS_EMBED_SWIFT_STANDARD_LIBRARIES = YES;
				CODE_SIGN_STYLE = Automatic;
				CURRENT_PROJECT_VERSION = 1;
				GENERATE_INFOPLIST_FILE = YES;
				MARKETING_VERSION = 1.0;
				PRODUCT_BUNDLE_IDENTIFIER = Mulangu.test123UITests;
				PRODUCT_NAME = "$(TARGET_NAME)";
				SWIFT_EMIT_LOC_STRINGS = NO;
				SWIFT_VERSION = 5.0;
				TARGETED_DEVICE_FAMILY = "1,2";
				TEST_TARGET_NAME = test123;
			};
			name = Release;
		};
/* End XCBuildConfiguration section */

/* Begin XCConfigurationList section */
		BB212B1C2995C67600CED94E /* Build configuration list for PBXProject "test123" */ = {
			isa = XCConfigurationList;
			buildConfigurations = (
				BB212B432995C68200CED94E /* Debug */,
				BB212B442995C68200CED94E /* Release */,
			);
			defaultConfigurationIsVisible = 0;
			defaultConfigurationName = Release;
		};
		BB212B452995C68200CED94E /* Build configuration list for PBXNativeTarget "test123" */ = {
			isa = XCConfigurationList;
			buildConfigurations = (
				BB212B462995C68200CED94E /* Debug */,
				BB212B472995C68200CED94E /* Release */,
			);
			defaultConfigurationIsVisible = 0;
			defaultConfigurationName = Release;
		};
		BB212B482995C68200CED94E /* Build configuration list for PBXNativeTarget "test123Tests" */ = {
			isa = XCConfigurationList;
			buildConfigurations = (
				BB212B492995C68200CED94E /* Debug */,
				BB212B4A2995C68200CED94E /* Release */,
			);
			defaultConfigurationIsVisible = 0;
			defaultConfigurationName = Release;
		};
		BB212B4B2995C68200CED94E /* Build configuration list for PBXNativeTarget "test123UITests" */ = {
			isa = XCConfigurationList;
			buildConfigurations = (
				BB212B4C2995C68200CED94E /* Debug */,
				BB212B4D2995C68200CED94E /* Release */,
			);
			defaultConfigurationIsVisible = 0;
			defaultConfigurationName = Release;
		};
/* End XCConfigurationList section */
	};
	rootObject = BB212B192995C67600CED94E /* Project object */;
}
